
Microsoft Visual Studio Solution File, Format Version 12.00
# Visual Studio Version 17
VisualStudioVersion = 17.0.32014.148
MinimumVisualStudioVersion = 10.0.40219.1
Project("{FAE04EC0-301F-11D3-BF4B-00C04F79EFBC}") = "SnakeGame", "SnakeGame.csproj", "{0533B33D-21AD-481E-A08D-8A14DAE8818E}"
EndProject
Global
	GlobalSection(SolutionConfigurationPlatforms) = preSolution
		Debug|Any CPU = Debug|Any CPU
		Release|Any CPU = Release|Any CPU
	EndGlobalSection
	GlobalSection(ProjectConfigurationPlatforms) = postSolution
		{0533B33D-21AD-481E-A08D-8A14DAE8818E}.Debug|Any CPU.ActiveCfg = Debug|Any CPU
		{0533B33D-21AD-481E-A08D-8A14DAE8818E}.Debug|Any CPU.Build.0 = Debug|Any CPU
		{0533B33D-21AD-481E-A08D-8A14DAE8818E}.Release|Any CPU.ActiveCfg = Release|Any CPU
		{0533B33D-21AD-481E-A08D-8A14DAE8818E}.Release|Any CPU.Build.0 = Release|Any CPU
	EndGlobalSection
	GlobalSection(SolutionProperties) = preSolution
		HideSolutionNode = FALSE
	EndGlobalSection
	GlobalSection(ExtensibilityGlobals) = postSolution
		SolutionGuid = {32EA4C4A-A9B5-4293-8EEE-08093871A35E}
	EndGlobalSection
EndGlobal
